
Microsoft Visual Studio Solution File, Format Version 12.00
# Visual Studio Version 16
VisualStudioVersion = 16.0.31205.134
MinimumVisualStudioVersion = 10.0.40219.1
Project("{9A19103F-16F7-4668-BE54-9A1E7A4F7556}") = "HiQ.Leap.Samples.APIExample", "HiQ.Leap.Samples.APIExample\HiQ.Leap.Samples.APIExample.csproj", "{3CB23141-62A6-42F2-A6DC-D218084DD9F3}"
EndProject
Project("{9A19103F-16F7-4668-BE54-9A1E7A4F7556}") = "HiQ.Leap.Samples.Services", "HiQ.Leap.Samples.Services\HiQ.Leap.Samples.Services.csproj", "{D43770BD-D589-458A-A55F-955F02BAEF01}"
EndProject
Project("{9A19103F-16F7-4668-BE54-9A1E7A4F7556}") = "HiQ.Leap.Samples.Domain", "HiQ.Leap.Samples.Domain\HiQ.Leap.Samples.Domain.csproj", "{8FA7BF21-E4A0-494F-A5E8-8E3D17D9CA13}"
EndProject
Project("{9A19103F-16F7-4668-BE54-9A1E7A4F7556}") = "HiQ.Leap.Samples.FunctionAppExample", "HiQ.Leap.Samples.FunctionAppExample\HiQ.Leap.Samples.FunctionAppExample.csproj", "{D728994A-9BAA-4ED7-9428-E1B02E5511BF}"
EndProject
Project("{FAE04EC0-301F-11D3-BF4B-00C04F79EFBC}") = "HiQ.Leap.Samples.Repository", "HiQ.Leap.Samples.Repository\HiQ.Leap.Samples.Repository.csproj", "{AA834A18-CE1D-453F-BAF4-6678BD9C8F40}"
EndProject
Global
	GlobalSection(SolutionConfigurationPlatforms) = preSolution
		Debug|Any CPU = Debug|Any CPU
		Release|Any CPU = Release|Any CPU
	EndGlobalSection
	GlobalSection(ProjectConfigurationPlatforms) = postSolution
		{3CB23141-62A6-42F2-A6DC-D218084DD9F3}.Debug|Any CPU.ActiveCfg = Debug|Any CPU
		{3CB23141-62A6-42F2-A6DC-D218084DD9F3}.Debug|Any CPU.Build.0 = Debug|Any CPU
		{3CB23141-62A6-42F2-A6DC-D218084DD9F3}.Release|Any CPU.ActiveCfg = Release|Any CPU
		{3CB23141-62A6-42F2-A6DC-D218084DD9F3}.Release|Any CPU.Build.0 = Release|Any CPU
		{D43770BD-D589-458A-A55F-955F02BAEF01}.Debug|Any CPU.ActiveCfg = Debug|Any CPU
		{D43770BD-D589-458A-A55F-955F02BAEF01}.Debug|Any CPU.Build.0 = Debug|Any CPU
		{D43770BD-D589-458A-A55F-955F02BAEF01}.Release|Any CPU.ActiveCfg = Release|Any CPU
		{D43770BD-D589-458A-A55F-955F02BAEF01}.Release|Any CPU.Build.0 = Release|Any CPU
		{8FA7BF21-E4A0-494F-A5E8-8E3D17D9CA13}.Debug|Any CPU.ActiveCfg = Debug|Any CPU
		{8FA7BF21-E4A0-494F-A5E8-8E3D17D9CA13}.Debug|Any CPU.Build.0 = Debug|Any CPU
		{8FA7BF21-E4A0-494F-A5E8-8E3D17D9CA13}.Release|Any CPU.ActiveCfg = Release|Any CPU
		{8FA7BF21-E4A0-494F-A5E8-8E3D17D9CA13}.Release|Any CPU.Build.0 = Release|Any CPU
		{D728994A-9BAA-4ED7-9428-E1B02E5511BF}.Debug|Any CPU.ActiveCfg = Debug|Any CPU
		{D728994A-9BAA-4ED7-9428-E1B02E5511BF}.Debug|Any CPU.Build.0 = Debug|Any CPU
		{D728994A-9BAA-4ED7-9428-E1B02E5511BF}.Release|Any CPU.ActiveCfg = Release|Any CPU
		{D728994A-9BAA-4ED7-9428-E1B02E5511BF}.Release|Any CPU.Build.0 = Release|Any CPU
		{AA834A18-CE1D-453F-BAF4-6678BD9C8F40}.Debug|Any CPU.ActiveCfg = Debug|Any CPU
		{AA834A18-CE1D-453F-BAF4-6678BD9C8F40}.Debug|Any CPU.Build.0 = Debug|Any CPU
		{AA834A18-CE1D-453F-BAF4-6678BD9C8F40}.Release|Any CPU.ActiveCfg = Release|Any CPU
		{AA834A18-CE1D-453F-BAF4-6678BD9C8F40}.Release|Any CPU.Build.0 = Release|Any CPU
	EndGlobalSection
	GlobalSection(SolutionProperties) = preSolution
		HideSolutionNode = FALSE
	EndGlobalSection
	GlobalSection(ExtensibilityGlobals) = postSolution
		SolutionGuid = {4591F229-93C9-4D61-90C7-0C80494ED041}
	EndGlobalSection
EndGlobal
